
Microsoft Visual Studio Solution File, Format Version 11.00
# Visual Studio 2010
Project("{2150E333-8FDC-42A3-9474-1A3956D46DE8}") = "WPF", "WPF", "{CE9D425E-B61C-4CA4-B45B-58B8EA0A760A}"
EndProject
Project("{2150E333-8FDC-42A3-9474-1A3956D46DE8}") = "Silverlight4", "Silverlight4", "{04C80311-6C45-467D-9FAC-405450D2D9CA}"
EndProject
Project("{FAE04EC0-301F-11D3-BF4B-00C04F79EFBC}") = "Itzben", "WPF\Itzben\Itzben.csproj", "{6F9139CD-E6ED-47A1-9856-161B0E7FD460}"
EndProject
Project("{FAE04EC0-301F-11D3-BF4B-00C04F79EFBC}") = "Itzben", "Silverlight4\Itzben\Itzben.csproj", "{CC34FABB-716F-412D-99B5-FF88665839B2}"
EndProject
Global
	GlobalSection(TeamFoundationVersionControl) = preSolution
		SccNumberOfProjects = 3
		SccEnterpriseProvider = {4CA58AB2-18FA-4F8D-95D4-32DDF27D184C}
		SccTeamFoundationServer = https://tfs.codeplex.com/tfs/tfs08
		SccLocalPath0 = .
		SccProjectUniqueName1 = Silverlight4\\Itzben\\Itzben.csproj
		SccProjectTopLevelParentUniqueName1 = Itzben.sln
		SccProjectName1 = Silverlight4/Itzben
		SccLocalPath1 = Silverlight4\\Itzben
		SccProjectUniqueName2 = WPF\\Itzben\\Itzben.csproj
		SccProjectTopLevelParentUniqueName2 = Itzben.sln
		SccProjectName2 = WPF/Itzben
		SccLocalPath2 = WPF\\Itzben
	EndGlobalSection
	GlobalSection(SolutionConfigurationPlatforms) = preSolution
		Debug|Any CPU = Debug|Any CPU
		Release|Any CPU = Release|Any CPU
	EndGlobalSection
	GlobalSection(ProjectConfigurationPlatforms) = postSolution
		{6F9139CD-E6ED-47A1-9856-161B0E7FD460}.Debug|Any CPU.ActiveCfg = Debug|Any CPU
		{6F9139CD-E6ED-47A1-9856-161B0E7FD460}.Debug|Any CPU.Build.0 = Debug|Any CPU
		{6F9139CD-E6ED-47A1-9856-161B0E7FD460}.Release|Any CPU.ActiveCfg = Release|Any CPU
		{6F9139CD-E6ED-47A1-9856-161B0E7FD460}.Release|Any CPU.Build.0 = Release|Any CPU
		{CC34FABB-716F-412D-99B5-FF88665839B2}.Debug|Any CPU.ActiveCfg = Debug|Any CPU
		{CC34FABB-716F-412D-99B5-FF88665839B2}.Debug|Any CPU.Build.0 = Debug|Any CPU
		{CC34FABB-716F-412D-99B5-FF88665839B2}.Release|Any CPU.ActiveCfg = Release|Any CPU
		{CC34FABB-716F-412D-99B5-FF88665839B2}.Release|Any CPU.Build.0 = Release|Any CPU
	EndGlobalSection
	GlobalSection(SolutionProperties) = preSolution
		HideSolutionNode = FALSE
	EndGlobalSection
	GlobalSection(NestedProjects) = preSolution
		{6F9139CD-E6ED-47A1-9856-161B0E7FD460} = {CE9D425E-B61C-4CA4-B45B-58B8EA0A760A}
		{CC34FABB-716F-412D-99B5-FF88665839B2} = {04C80311-6C45-467D-9FAC-405450D2D9CA}
	EndGlobalSection
EndGlobal
